
Microsoft Visual Studio Solution File, Format Version 12.00
# Visual Studio Version 17
VisualStudioVersion = 17.12.35514.174
MinimumVisualStudioVersion = 10.0.40219.1
Project("{2150E333-8FDC-42A3-9474-1A3956D46DE8}") = "Features", "Features", "{B618BB74-8AA7-4B79-B615-9AC37753B897}"
EndProject
Project("{2150E333-8FDC-42A3-9474-1A3956D46DE8}") = "GetSpecials", "GetSpecials", "{5E16DEA4-924D-4EA4-89D3-126CA5D0B61C}"
EndProject
Project("{FAE04EC0-301F-11D3-BF4B-00C04F79EFBC}") = "NorthWind.BlazingPizza.GetSpecials.Entities", "NorthWind.BlazingPizza.GetSpecials.Entities\NorthWind.BlazingPizza.GetSpecials.Entities.csproj", "{2EE5E518-6226-47F7-8AA0-E52ED4EA70B3}"
EndProject
Project("{FAE04EC0-301F-11D3-BF4B-00C04F79EFBC}") = "NorthWind.BlazingPizza.GetSpecials.BusinessObjects", "NorthWind.BlazingPizza.GetSpecials.BusinessObjects\NorthWind.BlazingPizza.GetSpecials.BusinessObjects.csproj", "{AAE08385-8E2E-4A00-AA55-8E135D1DCDA5}"
EndProject
Project("{FAE04EC0-301F-11D3-BF4B-00C04F79EFBC}") = "NorthWind.BlazingPizza.GetSpecials.Core", "NorthWind.BlazingPizza.GetSpecials.Core\NorthWind.BlazingPizza.GetSpecials.Core.csproj", "{6777BFAC-E978-4A82-AFFD-F67D3A2977D4}"
EndProject
Project("{FAE04EC0-301F-11D3-BF4B-00C04F79EFBC}") = "NorthWind.BlazingPizza.GetSpecials.Repositories.cs", "NorthWind.BlazingPizza.GetSpecials.Repositories.cs\NorthWind.BlazingPizza.GetSpecials.Repositories.cs.csproj", "{5273F8E4-438C-4451-81B4-4CB777136366}"
EndProject
Project("{FAE04EC0-301F-11D3-BF4B-00C04F79EFBC}") = "NorthWind.BlazingPizza.GetSpecials.SQLiteEntityFProvider", "NorthWind.BlazingPizza.GetSpecials.SQLiteEntityFProvider\NorthWind.BlazingPizza.GetSpecials.SQLiteEntityFProvider.csproj", "{9177CBF5-546E-4DC9-BFDD-447EA3CA4AD9}"
EndProject
Project("{FAE04EC0-301F-11D3-BF4B-00C04F79EFBC}") = "NorthWind.BlazingPizza.GetSpecials.IoC", "NorthWind.BlazingPizza.GetSpecials.IoC\NorthWind.BlazingPizza.GetSpecials.IoC.csproj", "{6E564B09-A65A-4C34-893F-9AC724465B53}"
EndProject
Project("{2150E333-8FDC-42A3-9474-1A3956D46DE8}") = "WebAPIs", "WebAPIs", "{8A72AD2F-CFF1-48F3-AE43-17020DE91804}"
EndProject
Project("{FAE04EC0-301F-11D3-BF4B-00C04F79EFBC}") = "NorthWind.BlazingPizza.GetSpecials.WebAPI", "NorthWind.BlazingPizza.GetSpecials.WebAPI\NorthWind.BlazingPizza.GetSpecials.WebAPI.csproj", "{D0F855B3-6C2E-4342-8856-8547AD06CBB3}"
EndProject
Project("{2150E333-8FDC-42A3-9474-1A3956D46DE8}") = "GetTopics", "GetTopics", "{FCA7940F-9D42-446A-B294-37DF48EAB172}"
EndProject
Project("{FAE04EC0-301F-11D3-BF4B-00C04F79EFBC}") = "C1.NorthWind.BlazingPizza.GetToppings.Entities", "C1.NorthWind.BlazingPizza.GetToppings.Entities\C1.NorthWind.BlazingPizza.GetToppings.Entities.csproj", "{BBA88ABE-DF73-4DA6-AE22-98E34425B42E}"
EndProject
Project("{FAE04EC0-301F-11D3-BF4B-00C04F79EFBC}") = "C2.NorthWind.BlazingPizza.GetToppings.BusinessObjects", "C2.NorthWind.BlazingPizza.GetToppings.BusinessObjects\C2.NorthWind.BlazingPizza.GetToppings.BusinessObjects.csproj", "{8EF401E7-82D1-45B3-95EA-0C9E0295E966}"
EndProject
Project("{FAE04EC0-301F-11D3-BF4B-00C04F79EFBC}") = "C3.NorthWind.BlazingPizza.GetToppings.Core", "C3.NorthWind.BlazingPizza.GetToppings.Core\C3.NorthWind.BlazingPizza.GetToppings.Core.csproj", "{27D3F21E-BF0E-4D20-8835-B392299AA957}"
EndProject
Project("{FAE04EC0-301F-11D3-BF4B-00C04F79EFBC}") = "C3.NorthWind.BlazingPizza.GetToppings.Repositories", "C3.NorthWind.BlazingPizza.GetToppings.Repositories\C3.NorthWind.BlazingPizza.GetToppings.Repositories.csproj", "{48E18884-0D57-4341-BABB-673E745D31C9}"
EndProject
Project("{FAE04EC0-301F-11D3-BF4B-00C04F79EFBC}") = "C4.NorthWind.BlazingPizza.GetToppings.IoC", "C4.NorthWind.BlazingPizza.GetToppings.IoC\C4.NorthWind.BlazingPizza.GetToppings.IoC.csproj", "{3905C13C-AC22-4A84-B060-C3B09ADE794F}"
EndProject
Project("{2150E333-8FDC-42A3-9474-1A3956D46DE8}") = "Common", "Common", "{880FD896-228A-493A-B44F-8A7DCD45545C}"
EndProject
Project("{FAE04EC0-301F-11D3-BF4B-00C04F79EFBC}") = "C4.NorthWind.BlazingPizza.DataContexts", "C4.NorthWind.BlazingPizza.DataContexts\C4.NorthWind.BlazingPizza.DataContexts.csproj", "{C803D641-A7E9-4EF3-A897-287207F20988}"
EndProject
Project("{FAE04EC0-301F-11D3-BF4B-00C04F79EFBC}") = "NorthWind.BlazingPizza.WebAPI", "NorthWind.BlazingPizza.WebAPI\NorthWind.BlazingPizza.WebAPI.csproj", "{FADCE6BE-F49E-443C-9AF3-CD80E2704FE1}"
EndProject
Global
	GlobalSection(SolutionConfigurationPlatforms) = preSolution
		Debug|Any CPU = Debug|Any CPU
		Release|Any CPU = Release|Any CPU
	EndGlobalSection
	GlobalSection(ProjectConfigurationPlatforms) = postSolution
		{2EE5E518-6226-47F7-8AA0-E52ED4EA70B3}.Debug|Any CPU.ActiveCfg = Debug|Any CPU
		{2EE5E518-6226-47F7-8AA0-E52ED4EA70B3}.Debug|Any CPU.Build.0 = Debug|Any CPU
		{2EE5E518-6226-47F7-8AA0-E52ED4EA70B3}.Release|Any CPU.ActiveCfg = Release|Any CPU
		{2EE5E518-6226-47F7-8AA0-E52ED4EA70B3}.Release|Any CPU.Build.0 = Release|Any CPU
		{AAE08385-8E2E-4A00-AA55-8E135D1DCDA5}.Debug|Any CPU.ActiveCfg = Debug|Any CPU
		{AAE08385-8E2E-4A00-AA55-8E135D1DCDA5}.Debug|Any CPU.Build.0 = Debug|Any CPU
		{AAE08385-8E2E-4A00-AA55-8E135D1DCDA5}.Release|Any CPU.ActiveCfg = Release|Any CPU
		{AAE08385-8E2E-4A00-AA55-8E135D1DCDA5}.Release|Any CPU.Build.0 = Release|Any CPU
		{6777BFAC-E978-4A82-AFFD-F67D3A2977D4}.Debug|Any CPU.ActiveCfg = Debug|Any CPU
		{6777BFAC-E978-4A82-AFFD-F67D3A2977D4}.Debug|Any CPU.Build.0 = Debug|Any CPU
		{6777BFAC-E978-4A82-AFFD-F67D3A2977D4}.Release|Any CPU.ActiveCfg = Release|Any CPU
		{6777BFAC-E978-4A82-AFFD-F67D3A2977D4}.Release|Any CPU.Build.0 = Release|Any CPU
		{5273F8E4-438C-4451-81B4-4CB777136366}.Debug|Any CPU.ActiveCfg = Debug|Any CPU
		{5273F8E4-438C-4451-81B4-4CB777136366}.Debug|Any CPU.Build.0 = Debug|Any CPU
		{5273F8E4-438C-4451-81B4-4CB777136366}.Release|Any CPU.ActiveCfg = Release|Any CPU
		{5273F8E4-438C-4451-81B4-4CB777136366}.Release|Any CPU.Build.0 = Release|Any CPU
		{9177CBF5-546E-4DC9-BFDD-447EA3CA4AD9}.Debug|Any CPU.ActiveCfg = Debug|Any CPU
		{9177CBF5-546E-4DC9-BFDD-447EA3CA4AD9}.Debug|Any CPU.Build.0 = Debug|Any CPU
		{9177CBF5-546E-4DC9-BFDD-447EA3CA4AD9}.Release|Any CPU.ActiveCfg = Release|Any CPU
		{9177CBF5-546E-4DC9-BFDD-447EA3CA4AD9}.Release|Any CPU.Build.0 = Release|Any CPU
		{6E564B09-A65A-4C34-893F-9AC724465B53}.Debug|Any CPU.ActiveCfg = Debug|Any CPU
		{6E564B09-A65A-4C34-893F-9AC724465B53}.Debug|Any CPU.Build.0 = Debug|Any CPU
		{6E564B09-A65A-4C34-893F-9AC724465B53}.Release|Any CPU.ActiveCfg = Release|Any CPU
		{6E564B09-A65A-4C34-893F-9AC724465B53}.Release|Any CPU.Build.0 = Release|Any CPU
		{D0F855B3-6C2E-4342-8856-8547AD06CBB3}.Debug|Any CPU.ActiveCfg = Debug|Any CPU
		{D0F855B3-6C2E-4342-8856-8547AD06CBB3}.Debug|Any CPU.Build.0 = Debug|Any CPU
		{D0F855B3-6C2E-4342-8856-8547AD06CBB3}.Release|Any CPU.ActiveCfg = Release|Any CPU
		{D0F855B3-6C2E-4342-8856-8547AD06CBB3}.Release|Any CPU.Build.0 = Release|Any CPU
		{BBA88ABE-DF73-4DA6-AE22-98E34425B42E}.Debug|Any CPU.ActiveCfg = Debug|Any CPU
		{BBA88ABE-DF73-4DA6-AE22-98E34425B42E}.Debug|Any CPU.Build.0 = Debug|Any CPU
		{BBA88ABE-DF73-4DA6-AE22-98E34425B42E}.Release|Any CPU.ActiveCfg = Release|Any CPU
		{BBA88ABE-DF73-4DA6-AE22-98E34425B42E}.Release|Any CPU.Build.0 = Release|Any CPU
		{8EF401E7-82D1-45B3-95EA-0C9E0295E966}.Debug|Any CPU.ActiveCfg = Debug|Any CPU
		{8EF401E7-82D1-45B3-95EA-0C9E0295E966}.Debug|Any CPU.Build.0 = Debug|Any CPU
		{8EF401E7-82D1-45B3-95EA-0C9E0295E966}.Release|Any CPU.ActiveCfg = Release|Any CPU
		{8EF401E7-82D1-45B3-95EA-0C9E0295E966}.Release|Any CPU.Build.0 = Release|Any CPU
		{27D3F21E-BF0E-4D20-8835-B392299AA957}.Debug|Any CPU.ActiveCfg = Debug|Any CPU
		{27D3F21E-BF0E-4D20-8835-B392299AA957}.Debug|Any CPU.Build.0 = Debug|Any CPU
		{27D3F21E-BF0E-4D20-8835-B392299AA957}.Release|Any CPU.ActiveCfg = Release|Any CPU
		{27D3F21E-BF0E-4D20-8835-B392299AA957}.Release|Any CPU.Build.0 = Release|Any CPU
		{48E18884-0D57-4341-BABB-673E745D31C9}.Debug|Any CPU.ActiveCfg = Debug|Any CPU
		{48E18884-0D57-4341-BABB-673E745D31C9}.Debug|Any CPU.Build.0 = Debug|Any CPU
		{48E18884-0D57-4341-BABB-673E745D31C9}.Release|Any CPU.ActiveCfg = Release|Any CPU
		{48E18884-0D57-4341-BABB-673E745D31C9}.Release|Any CPU.Build.0 = Release|Any CPU
		{3905C13C-AC22-4A84-B060-C3B09ADE794F}.Debug|Any CPU.ActiveCfg = Debug|Any CPU
		{3905C13C-AC22-4A84-B060-C3B09ADE794F}.Debug|Any CPU.Build.0 = Debug|Any CPU
		{3905C13C-AC22-4A84-B060-C3B09ADE794F}.Release|Any CPU.ActiveCfg = Release|Any CPU
		{3905C13C-AC22-4A84-B060-C3B09ADE794F}.Release|Any CPU.Build.0 = Release|Any CPU
		{C803D641-A7E9-4EF3-A897-287207F20988}.Debug|Any CPU.ActiveCfg = Debug|Any CPU
		{C803D641-A7E9-4EF3-A897-287207F20988}.Debug|Any CPU.Build.0 = Debug|Any CPU
		{C803D641-A7E9-4EF3-A897-287207F20988}.Release|Any CPU.ActiveCfg = Release|Any CPU
		{C803D641-A7E9-4EF3-A897-287207F20988}.Release|Any CPU.Build.0 = Release|Any CPU
		{FADCE6BE-F49E-443C-9AF3-CD80E2704FE1}.Debug|Any CPU.ActiveCfg = Debug|Any CPU
		{FADCE6BE-F49E-443C-9AF3-CD80E2704FE1}.Debug|Any CPU.Build.0 = Debug|Any CPU
		{FADCE6BE-F49E-443C-9AF3-CD80E2704FE1}.Release|Any CPU.ActiveCfg = Release|Any CPU
		{FADCE6BE-F49E-443C-9AF3-CD80E2704FE1}.Release|Any CPU.Build.0 = Release|Any CPU
	EndGlobalSection
	GlobalSection(SolutionProperties) = preSolution
		HideSolutionNode = FALSE
	EndGlobalSection
	GlobalSection(NestedProjects) = preSolution
		{5E16DEA4-924D-4EA4-89D3-126CA5D0B61C} = {B618BB74-8AA7-4B79-B615-9AC37753B897}
		{2EE5E518-6226-47F7-8AA0-E52ED4EA70B3} = {5E16DEA4-924D-4EA4-89D3-126CA5D0B61C}
		{AAE08385-8E2E-4A00-AA55-8E135D1DCDA5} = {5E16DEA4-924D-4EA4-89D3-126CA5D0B61C}
		{6777BFAC-E978-4A82-AFFD-F67D3A2977D4} = {5E16DEA4-924D-4EA4-89D3-126CA5D0B61C}
		{5273F8E4-438C-4451-81B4-4CB777136366} = {5E16DEA4-924D-4EA4-89D3-126CA5D0B61C}
		{9177CBF5-546E-4DC9-BFDD-447EA3CA4AD9} = {5E16DEA4-924D-4EA4-89D3-126CA5D0B61C}
		{6E564B09-A65A-4C34-893F-9AC724465B53} = {5E16DEA4-924D-4EA4-89D3-126CA5D0B61C}
		{D0F855B3-6C2E-4342-8856-8547AD06CBB3} = {8A72AD2F-CFF1-48F3-AE43-17020DE91804}
		{FCA7940F-9D42-446A-B294-37DF48EAB172} = {B618BB74-8AA7-4B79-B615-9AC37753B897}
		{BBA88ABE-DF73-4DA6-AE22-98E34425B42E} = {FCA7940F-9D42-446A-B294-37DF48EAB172}
		{8EF401E7-82D1-45B3-95EA-0C9E0295E966} = {FCA7940F-9D42-446A-B294-37DF48EAB172}
		{27D3F21E-BF0E-4D20-8835-B392299AA957} = {FCA7940F-9D42-446A-B294-37DF48EAB172}
		{48E18884-0D57-4341-BABB-673E745D31C9} = {FCA7940F-9D42-446A-B294-37DF48EAB172}
		{3905C13C-AC22-4A84-B060-C3B09ADE794F} = {FCA7940F-9D42-446A-B294-37DF48EAB172}
		{880FD896-228A-493A-B44F-8A7DCD45545C} = {B618BB74-8AA7-4B79-B615-9AC37753B897}
		{C803D641-A7E9-4EF3-A897-287207F20988} = {880FD896-228A-493A-B44F-8A7DCD45545C}
		{FADCE6BE-F49E-443C-9AF3-CD80E2704FE1} = {8A72AD2F-CFF1-48F3-AE43-17020DE91804}
	EndGlobalSection
EndGlobal
